// !$*UTF8*$!
{
	archiveVersion = 1;
	classes = {
	};
	objectVersion = 50;
	objects = {

/* Begin PBXBuildFile section */
		DF35899E2445EB9200A4E36A /* ChuckNorrisParse.swift in Sources */ = {isa = PBXBuildFile; fileRef = DF35899D2445EB9200A4E36A /* ChuckNorrisParse.swift */; };
		DF40FDD5244493AE00CBD522 /* AppDelegate.swift in Sources */ = {isa = PBXBuildFile; fileRef = DF40FDD4244493AE00CBD522 /* AppDelegate.swift */; };
		DF40FDD7244493AE00CBD522 /* SceneDelegate.swift in Sources */ = {isa = PBXBuildFile; fileRef = DF40FDD6244493AE00CBD522 /* SceneDelegate.swift */; };
		DF40FDDE244493AF00CBD522 /* Assets.xcassets in Resources */ = {isa = PBXBuildFile; fileRef = DF40FDDD244493AF00CBD522 /* Assets.xcassets */; };
		DF40FDE1244493AF00CBD522 /* LaunchScreen.storyboard in Resources */ = {isa = PBXBuildFile; fileRef = DF40FDDF244493AF00CBD522 /* LaunchScreen.storyboard */; };
		DF40FDEC244493AF00CBD522 /* ChuckNorrisFactsTests.swift in Sources */ = {isa = PBXBuildFile; fileRef = DF40FDEB244493AF00CBD522 /* ChuckNorrisFactsTests.swift */; };
		DF40FDF92444955B00CBD522 /* AppCoordinator.swift in Sources */ = {isa = PBXBuildFile; fileRef = DF40FDF82444955B00CBD522 /* AppCoordinator.swift */; };
		DF40FE072444965B00CBD522 /* HomeFactsViewModel.swift in Sources */ = {isa = PBXBuildFile; fileRef = DF40FE022444965B00CBD522 /* HomeFactsViewModel.swift */; };
		DF40FE082444965B00CBD522 /* HomeFactsViewController.swift in Sources */ = {isa = PBXBuildFile; fileRef = DF40FE042444965B00CBD522 /* HomeFactsViewController.swift */; };
		DF40FE092444965B00CBD522 /* HomeFactsViewController.xib in Resources */ = {isa = PBXBuildFile; fileRef = DF40FE062444965B00CBD522 /* HomeFactsViewController.xib */; };
		DF40FE0E2444967300CBD522 /* BaseCoordinator.swift in Sources */ = {isa = PBXBuildFile; fileRef = DF40FE0D2444967300CBD522 /* BaseCoordinator.swift */; };
		DF40FE1124449F8200CBD522 /* ChuckNorrisAPI.swift in Sources */ = {isa = PBXBuildFile; fileRef = DF40FE1024449F8200CBD522 /* ChuckNorrisAPI.swift */; };
		DF40FE132444A8A600CBD522 /* ChuckServices.swift in Sources */ = {isa = PBXBuildFile; fileRef = DF40FE122444A8A600CBD522 /* ChuckServices.swift */; };
		DF40FE1724452DF800CBD522 /* ChuckNorrisRequest.swift in Sources */ = {isa = PBXBuildFile; fileRef = DF40FE1624452DF800CBD522 /* ChuckNorrisRequest.swift */; };
		DF40FE1A2445391C00CBD522 /* ChuckNorrisFetch.swift in Sources */ = {isa = PBXBuildFile; fileRef = DF40FE192445391C00CBD522 /* ChuckNorrisFetch.swift */; };
		DF593D4E2447A5FD0045AEA6 /* ChuckNorrisParseError.swift in Sources */ = {isa = PBXBuildFile; fileRef = DF593D4D2447A5FD0045AEA6 /* ChuckNorrisParseError.swift */; };
		DFE9C12124460C1400872527 /* ChuckNorrisError.swift in Sources */ = {isa = PBXBuildFile; fileRef = DFE9C12024460C1400872527 /* ChuckNorrisError.swift */; };
		DFE9C12324460E8700872527 /* NetworkError.swift in Sources */ = {isa = PBXBuildFile; fileRef = DFE9C12224460E8700872527 /* NetworkError.swift */; };
		DFE9C12524463C2E00872527 /* ChuckNorrisGenericError.swift in Sources */ = {isa = PBXBuildFile; fileRef = DFE9C12424463C2E00872527 /* ChuckNorrisGenericError.swift */; };
/* End PBXBuildFile section */

/* Begin PBXContainerItemProxy section */
		DF40FDE8244493AF00CBD522 /* PBXContainerItemProxy */ = {
			isa = PBXContainerItemProxy;
			containerPortal = DF40FDC9244493AE00CBD522 /* Project object */;
			proxyType = 1;
			remoteGlobalIDString = DF40FDD0244493AE00CBD522;
			remoteInfo = ChuckNorrisFacts;
		};
/* End PBXContainerItemProxy section */

/* Begin PBXFileReference section */
		DF35899D2445EB9200A4E36A /* ChuckNorrisParse.swift */ = {isa = PBXFileReference; lastKnownFileType = sourcecode.swift; path = ChuckNorrisParse.swift; sourceTree = "<group>"; };
		DF40FDD1244493AE00CBD522 /* ChuckNorrisFacts.app */ = {isa = PBXFileReference; explicitFileType = wrapper.application; includeInIndex = 0; path = ChuckNorrisFacts.app; sourceTree = BUILT_PRODUCTS_DIR; };
		DF40FDD4244493AE00CBD522 /* AppDelegate.swift */ = {isa = PBXFileReference; lastKnownFileType = sourcecode.swift; path = AppDelegate.swift; sourceTree = "<group>"; };
		DF40FDD6244493AE00CBD522 /* SceneDelegate.swift */ = {isa = PBXFileReference; lastKnownFileType = sourcecode.swift; path = SceneDelegate.swift; sourceTree = "<group>"; };
		DF40FDDD244493AF00CBD522 /* Assets.xcassets */ = {isa = PBXFileReference; lastKnownFileType = folder.assetcatalog; path = Assets.xcassets; sourceTree = "<group>"; };
		DF40FDE0244493AF00CBD522 /* Base */ = {isa = PBXFileReference; lastKnownFileType = file.storyboard; name = Base; path = Base.lproj/LaunchScreen.storyboard; sourceTree = "<group>"; };
		DF40FDE2244493AF00CBD522 /* Info.plist */ = {isa = PBXFileReference; lastKnownFileType = text.plist.xml; path = Info.plist; sourceTree = "<group>"; };
		DF40FDE7244493AF00CBD522 /* ChuckNorrisFactsTests.xctest */ = {isa = PBXFileReference; explicitFileType = wrapper.cfbundle; includeInIndex = 0; path = ChuckNorrisFactsTests.xctest; sourceTree = BUILT_PRODUCTS_DIR; };
		DF40FDEB244493AF00CBD522 /* ChuckNorrisFactsTests.swift */ = {isa = PBXFileReference; lastKnownFileType = sourcecode.swift; path = ChuckNorrisFactsTests.swift; sourceTree = "<group>"; };
		DF40FDED244493AF00CBD522 /* Info.plist */ = {isa = PBXFileReference; lastKnownFileType = text.plist.xml; path = Info.plist; sourceTree = "<group>"; };
		DF40FDF82444955B00CBD522 /* AppCoordinator.swift */ = {isa = PBXFileReference; lastKnownFileType = sourcecode.swift; path = AppCoordinator.swift; sourceTree = "<group>"; };
		DF40FE022444965B00CBD522 /* HomeFactsViewModel.swift */ = {isa = PBXFileReference; fileEncoding = 4; lastKnownFileType = sourcecode.swift; path = HomeFactsViewModel.swift; sourceTree = "<group>"; };
		DF40FE042444965B00CBD522 /* HomeFactsViewController.swift */ = {isa = PBXFileReference; fileEncoding = 4; lastKnownFileType = sourcecode.swift; path = HomeFactsViewController.swift; sourceTree = "<group>"; };
		DF40FE062444965B00CBD522 /* HomeFactsViewController.xib */ = {isa = PBXFileReference; fileEncoding = 4; lastKnownFileType = file.xib; path = HomeFactsViewController.xib; sourceTree = "<group>"; };
		DF40FE0D2444967300CBD522 /* BaseCoordinator.swift */ = {isa = PBXFileReference; fileEncoding = 4; lastKnownFileType = sourcecode.swift; path = BaseCoordinator.swift; sourceTree = "<group>"; };
		DF40FE1024449F8200CBD522 /* ChuckNorrisAPI.swift */ = {isa = PBXFileReference; lastKnownFileType = sourcecode.swift; path = ChuckNorrisAPI.swift; sourceTree = "<group>"; };
		DF40FE122444A8A600CBD522 /* ChuckServices.swift */ = {isa = PBXFileReference; lastKnownFileType = sourcecode.swift; path = ChuckServices.swift; sourceTree = "<group>"; };
		DF40FE1624452DF800CBD522 /* ChuckNorrisRequest.swift */ = {isa = PBXFileReference; lastKnownFileType = sourcecode.swift; path = ChuckNorrisRequest.swift; sourceTree = "<group>"; };
		DF40FE192445391C00CBD522 /* ChuckNorrisFetch.swift */ = {isa = PBXFileReference; lastKnownFileType = sourcecode.swift; path = ChuckNorrisFetch.swift; sourceTree = "<group>"; };
		DF593D4D2447A5FD0045AEA6 /* ChuckNorrisParseError.swift */ = {isa = PBXFileReference; lastKnownFileType = sourcecode.swift; path = ChuckNorrisParseError.swift; sourceTree = "<group>"; };
		DFE9C12024460C1400872527 /* ChuckNorrisError.swift */ = {isa = PBXFileReference; lastKnownFileType = sourcecode.swift; path = ChuckNorrisError.swift; sourceTree = "<group>"; };
		DFE9C12224460E8700872527 /* NetworkError.swift */ = {isa = PBXFileReference; lastKnownFileType = sourcecode.swift; path = NetworkError.swift; sourceTree = "<group>"; };
		DFE9C12424463C2E00872527 /* ChuckNorrisGenericError.swift */ = {isa = PBXFileReference; lastKnownFileType = sourcecode.swift; path = ChuckNorrisGenericError.swift; sourceTree = "<group>"; };
/* End PBXFileReference section */

/* Begin PBXFrameworksBuildPhase section */
		DF40FDCE244493AE00CBD522 /* Frameworks */ = {
			isa = PBXFrameworksBuildPhase;
			buildActionMask = 2147483647;
			files = (
			);
			runOnlyForDeploymentPostprocessing = 0;
		};
		DF40FDE4244493AF00CBD522 /* Frameworks */ = {
			isa = PBXFrameworksBuildPhase;
			buildActionMask = 2147483647;
			files = (
			);
			runOnlyForDeploymentPostprocessing = 0;
		};
/* End PBXFrameworksBuildPhase section */

/* Begin PBXGroup section */
		DF40FDC8244493AE00CBD522 = {
			isa = PBXGroup;
			children = (
				DF40FDD3244493AE00CBD522 /* ChuckNorrisFacts */,
				DF40FDEA244493AF00CBD522 /* ChuckNorrisFactsTests */,
				DF40FDD2244493AE00CBD522 /* Products */,
			);
			sourceTree = "<group>";
		};
		DF40FDD2244493AE00CBD522 /* Products */ = {
			isa = PBXGroup;
			children = (
				DF40FDD1244493AE00CBD522 /* ChuckNorrisFacts.app */,
				DF40FDE7244493AF00CBD522 /* ChuckNorrisFactsTests.xctest */,
			);
			name = Products;
			sourceTree = "<group>";
		};
		DF40FDD3244493AE00CBD522 /* ChuckNorrisFacts */ = {
			isa = PBXGroup;
			children = (
				DF40FDE2244493AF00CBD522 /* Info.plist */,
				DF40FDF6244494CF00CBD522 /* Application */,
				DF40FE0F244498E900CBD522 /* Launch */,
				DF40FE0A2444967300CBD522 /* Base+Extensions */,
				DF40FDFB244495F100CBD522 /* Images */,
				DF40FDFA244495E100CBD522 /* Network */,
				DF40FDFF2444965B00CBD522 /* Views */,
			);
			path = ChuckNorrisFacts;
			sourceTree = "<group>";
		};
		DF40FDEA244493AF00CBD522 /* ChuckNorrisFactsTests */ = {
			isa = PBXGroup;
			children = (
				DF40FDEB244493AF00CBD522 /* ChuckNorrisFactsTests.swift */,
				DF40FDED244493AF00CBD522 /* Info.plist */,
			);
			path = ChuckNorrisFactsTests;
			sourceTree = "<group>";
		};
		DF40FDF6244494CF00CBD522 /* Application */ = {
			isa = PBXGroup;
			children = (
				DF40FDF72444953300CBD522 /* Coordinator */,
				DF40FDD4244493AE00CBD522 /* AppDelegate.swift */,
				DF40FDD6244493AE00CBD522 /* SceneDelegate.swift */,
			);
			path = Application;
			sourceTree = "<group>";
		};
		DF40FDF72444953300CBD522 /* Coordinator */ = {
			isa = PBXGroup;
			children = (
				DF40FDF82444955B00CBD522 /* AppCoordinator.swift */,
			);
			path = Coordinator;
			sourceTree = "<group>";
		};
		DF40FDFA244495E100CBD522 /* Network */ = {
			isa = PBXGroup;
			children = (
				DFE9C11F24460BEC00872527 /* Request */,
				DFE9C11E24460BE100872527 /* Parse */,
				DFE9C11D24460BD300872527 /* Fetch */,
				DFE9C11C24460BC800872527 /* Error */,
				DFE9C11B24460BB100872527 /* Services */,
				DFE9C11A24460BA700872527 /* API */,
			);
			path = Network;
			sourceTree = "<group>";
		};
		DF40FDFB244495F100CBD522 /* Images */ = {
			isa = PBXGroup;
			children = (
				DF40FDDD244493AF00CBD522 /* Assets.xcassets */,
			);
			path = Images;
			sourceTree = "<group>";
		};
		DF40FDFF2444965B00CBD522 /* Views */ = {
			isa = PBXGroup;
			children = (
				DF40FE002444965B00CBD522 /* HomeFacts */,
			);
			path = Views;
			sourceTree = "<group>";
		};
		DF40FE002444965B00CBD522 /* HomeFacts */ = {
			isa = PBXGroup;
			children = (
				DF40FE012444965B00CBD522 /* ViewModel */,
				DF40FE032444965B00CBD522 /* Controller */,
				DF40FE052444965B00CBD522 /* View */,
			);
			path = HomeFacts;
			sourceTree = "<group>";
		};
		DF40FE012444965B00CBD522 /* ViewModel */ = {
			isa = PBXGroup;
			children = (
				DF40FE022444965B00CBD522 /* HomeFactsViewModel.swift */,
			);
			path = ViewModel;
			sourceTree = "<group>";
		};
		DF40FE032444965B00CBD522 /* Controller */ = {
			isa = PBXGroup;
			children = (
				DF40FE042444965B00CBD522 /* HomeFactsViewController.swift */,
			);
			path = Controller;
			sourceTree = "<group>";
		};
		DF40FE052444965B00CBD522 /* View */ = {
			isa = PBXGroup;
			children = (
				DF40FE062444965B00CBD522 /* HomeFactsViewController.xib */,
			);
			path = View;
			sourceTree = "<group>";
		};
		DF40FE0A2444967300CBD522 /* Base+Extensions */ = {
			isa = PBXGroup;
			children = (
				DF40FE0B2444967300CBD522 /* Extensions */,
				DF40FE0C2444967300CBD522 /* Base */,
			);
			path = "Base+Extensions";
			sourceTree = "<group>";
		};
		DF40FE0B2444967300CBD522 /* Extensions */ = {
			isa = PBXGroup;
			children = (
			);
			path = Extensions;
			sourceTree = "<group>";
		};
		DF40FE0C2444967300CBD522 /* Base */ = {
			isa = PBXGroup;
			children = (
				DF40FE0D2444967300CBD522 /* BaseCoordinator.swift */,
			);
			path = Base;
			sourceTree = "<group>";
		};
		DF40FE0F244498E900CBD522 /* Launch */ = {
			isa = PBXGroup;
			children = (
				DF40FDDF244493AF00CBD522 /* LaunchScreen.storyboard */,
			);
			path = Launch;
			sourceTree = "<group>";
		};
		DFE9C11A24460BA700872527 /* API */ = {
			isa = PBXGroup;
			children = (
				DF40FE1024449F8200CBD522 /* ChuckNorrisAPI.swift */,
			);
			path = API;
			sourceTree = "<group>";
		};
		DFE9C11B24460BB100872527 /* Services */ = {
			isa = PBXGroup;
			children = (
				DF40FE122444A8A600CBD522 /* ChuckServices.swift */,
			);
			path = Services;
			sourceTree = "<group>";
		};
		DFE9C11C24460BC800872527 /* Error */ = {
			isa = PBXGroup;
			children = (
				DFE9C12624464A9800872527 /* Generic */,
				DFE9C12024460C1400872527 /* ChuckNorrisError.swift */,
				DFE9C12224460E8700872527 /* NetworkError.swift */,
				DF593D4D2447A5FD0045AEA6 /* ChuckNorrisParseError.swift */,
			);
			path = Error;
			sourceTree = "<group>";
		};
		DFE9C11D24460BD300872527 /* Fetch */ = {
			isa = PBXGroup;
			children = (
				DF40FE192445391C00CBD522 /* ChuckNorrisFetch.swift */,
			);
			path = Fetch;
			sourceTree = "<group>";
		};
		DFE9C11E24460BE100872527 /* Parse */ = {
			isa = PBXGroup;
			children = (
				DF35899D2445EB9200A4E36A /* ChuckNorrisParse.swift */,
			);
			path = Parse;
			sourceTree = "<group>";
		};
		DFE9C11F24460BEC00872527 /* Request */ = {
			isa = PBXGroup;
			children = (
				DF40FE1624452DF800CBD522 /* ChuckNorrisRequest.swift */,
			);
			path = Request;
			sourceTree = "<group>";
		};
		DFE9C12624464A9800872527 /* Generic */ = {
			isa = PBXGroup;
			children = (
				DFE9C12424463C2E00872527 /* ChuckNorrisGenericError.swift */,
			);
			path = Generic;
			sourceTree = "<group>";
		};
/* End PBXGroup section */

/* Begin PBXNativeTarget section */
		DF40FDD0244493AE00CBD522 /* ChuckNorrisFacts */ = {
			isa = PBXNativeTarget;
			buildConfigurationList = DF40FDF0244493AF00CBD522 /* Build configuration list for PBXNativeTarget "ChuckNorrisFacts" */;
			buildPhases = (
				DF40FDCD244493AE00CBD522 /* Sources */,
				DF40FDCE244493AE00CBD522 /* Frameworks */,
				DF40FDCF244493AE00CBD522 /* Resources */,
			);
			buildRules = (
			);
			dependencies = (
			);
			name = ChuckNorrisFacts;
			productName = ChuckNorrisFacts;
			productReference = DF40FDD1244493AE00CBD522 /* ChuckNorrisFacts.app */;
			productType = "com.apple.product-type.application";
		};
		DF40FDE6244493AF00CBD522 /* ChuckNorrisFactsTests */ = {
			isa = PBXNativeTarget;
			buildConfigurationList = DF40FDF3244493AF00CBD522 /* Build configuration list for PBXNativeTarget "ChuckNorrisFactsTests" */;
			buildPhases = (
				DF40FDE3244493AF00CBD522 /* Sources */,
				DF40FDE4244493AF00CBD522 /* Frameworks */,
				DF40FDE5244493AF00CBD522 /* Resources */,
			);
			buildRules = (
			);
			dependencies = (
				DF40FDE9244493AF00CBD522 /* PBXTargetDependency */,
			);
			name = ChuckNorrisFactsTests;
			productName = ChuckNorrisFactsTests;
			productReference = DF40FDE7244493AF00CBD522 /* ChuckNorrisFactsTests.xctest */;
			productType = "com.apple.product-type.bundle.unit-test";
		};
/* End PBXNativeTarget section */

/* Begin PBXProject section */
		DF40FDC9244493AE00CBD522 /* Project object */ = {
			isa = PBXProject;
			attributes = {
				LastSwiftUpdateCheck = 1120;
				LastUpgradeCheck = 1120;
				ORGANIZATIONNAME = "Gabriel Borges";
				TargetAttributes = {
					DF40FDD0244493AE00CBD522 = {
						CreatedOnToolsVersion = 11.2.1;
					};
					DF40FDE6244493AF00CBD522 = {
						CreatedOnToolsVersion = 11.2.1;
						TestTargetID = DF40FDD0244493AE00CBD522;
					};
				};
			};
			buildConfigurationList = DF40FDCC244493AE00CBD522 /* Build configuration list for PBXProject "ChuckNorrisFacts" */;
			compatibilityVersion = "Xcode 9.3";
			developmentRegion = en;
			hasScannedForEncodings = 0;
			knownRegions = (
				en,
				Base,
			);
			mainGroup = DF40FDC8244493AE00CBD522;
			productRefGroup = DF40FDD2244493AE00CBD522 /* Products */;
			projectDirPath = "";
			projectRoot = "";
			targets = (
				DF40FDD0244493AE00CBD522 /* ChuckNorrisFacts */,
				DF40FDE6244493AF00CBD522 /* ChuckNorrisFactsTests */,
			);
		};
/* End PBXProject section */

/* Begin PBXResourcesBuildPhase section */
		DF40FDCF244493AE00CBD522 /* Resources */ = {
			isa = PBXResourcesBuildPhase;
			buildActionMask = 2147483647;
			files = (
				DF40FDE1244493AF00CBD522 /* LaunchScreen.storyboard in Resources */,
				DF40FE092444965B00CBD522 /* HomeFactsViewController.xib in Resources */,
				DF40FDDE244493AF00CBD522 /* Assets.xcassets in Resources */,
			);
			runOnlyForDeploymentPostprocessing = 0;
		};
		DF40FDE5244493AF00CBD522 /* Resources */ = {
			isa = PBXResourcesBuildPhase;
			buildActionMask = 2147483647;
			files = (
			);
			runOnlyForDeploymentPostprocessing = 0;
		};
/* End PBXResourcesBuildPhase section */

/* Begin PBXSourcesBuildPhase section */
		DF40FDCD244493AE00CBD522 /* Sources */ = {
			isa = PBXSourcesBuildPhase;
			buildActionMask = 2147483647;
			files = (
				DF40FE1A2445391C00CBD522 /* ChuckNorrisFetch.swift in Sources */,
				DF40FE132444A8A600CBD522 /* ChuckServices.swift in Sources */,
				DF40FE072444965B00CBD522 /* HomeFactsViewModel.swift in Sources */,
				DF40FDF92444955B00CBD522 /* AppCoordinator.swift in Sources */,
				DF40FE1724452DF800CBD522 /* ChuckNorrisRequest.swift in Sources */,
				DF40FE1124449F8200CBD522 /* ChuckNorrisAPI.swift in Sources */,
				DFE9C12524463C2E00872527 /* ChuckNorrisGenericError.swift in Sources */,
				DF40FE082444965B00CBD522 /* HomeFactsViewController.swift in Sources */,
				DF35899E2445EB9200A4E36A /* ChuckNorrisParse.swift in Sources */,
				DF40FE0E2444967300CBD522 /* BaseCoordinator.swift in Sources */,
				DF593D4E2447A5FD0045AEA6 /* ChuckNorrisParseError.swift in Sources */,
				DF40FDD5244493AE00CBD522 /* AppDelegate.swift in Sources */,
				DFE9C12324460E8700872527 /* NetworkError.swift in Sources */,
				DFE9C12124460C1400872527 /* ChuckNorrisError.swift in Sources */,
				DF40FDD7244493AE00CBD522 /* SceneDelegate.swift in Sources */,
			);
			runOnlyForDeploymentPostprocessing = 0;
		};
		DF40FDE3244493AF00CBD522 /* Sources */ = {
			isa = PBXSourcesBuildPhase;
			buildActionMask = 2147483647;
			files = (
				DF40FDEC244493AF00CBD522 /* ChuckNorrisFactsTests.swift in Sources */,
			);
			runOnlyForDeploymentPostprocessing = 0;
		};
/* End PBXSourcesBuildPhase section */

/* Begin PBXTargetDependency section */
		DF40FDE9244493AF00CBD522 /* PBXTargetDependency */ = {
			isa = PBXTargetDependency;
			target = DF40FDD0244493AE00CBD522 /* ChuckNorrisFacts */;
			targetProxy = DF40FDE8244493AF00CBD522 /* PBXContainerItemProxy */;
		};
/* End PBXTargetDependency section */

/* Begin PBXVariantGroup section */
		DF40FDDF244493AF00CBD522 /* LaunchScreen.storyboard */ = {
			isa = PBXVariantGroup;
			children = (
				DF40FDE0244493AF00CBD522 /* Base */,
			);
			name = LaunchScreen.storyboard;
			sourceTree = "<group>";
		};
/* End PBXVariantGroup section */

/* Begin XCBuildConfiguration section */
		DF40FDEE244493AF00CBD522 /* Debug */ = {
			isa = XCBuildConfiguration;
			buildSettings = {
				ALWAYS_SEARCH_USER_PATHS = NO;
				CLANG_ANALYZER_NONNULL = YES;
				CLANG_ANALYZER_NUMBER_OBJECT_CONVERSION = YES_AGGRESSIVE;
				CLANG_CXX_LANGUAGE_STANDARD = "gnu++14";
				CLANG_CXX_LIBRARY = "libc++";
				CLANG_ENABLE_MODULES = YES;
				CLANG_ENABLE_OBJC_ARC = YES;
				CLANG_ENABLE_OBJC_WEAK = YES;
				CLANG_WARN_BLOCK_CAPTURE_AUTORELEASING = YES;
				CLANG_WARN_BOOL_CONVERSION = YES;
				CLANG_WARN_COMMA = YES;
				CLANG_WARN_CONSTANT_CONVERSION = YES;
				CLANG_WARN_DEPRECATED_OBJC_IMPLEMENTATIONS = YES;
				CLANG_WARN_DIRECT_OBJC_ISA_USAGE = YES_ERROR;
				CLANG_WARN_DOCUMENTATION_COMMENTS = YES;
				CLANG_WARN_EMPTY_BODY = YES;
				CLANG_WARN_ENUM_CONVERSION = YES;
				CLANG_WARN_INFINITE_RECURSION = YES;
				CLANG_WARN_INT_CONVERSION = YES;
				CLANG_WARN_NON_LITERAL_NULL_CONVERSION = YES;
				CLANG_WARN_OBJC_IMPLICIT_RETAIN_SELF = YES;
				CLANG_WARN_OBJC_LITERAL_CONVERSION = YES;
				CLANG_WARN_OBJC_ROOT_CLASS = YES_ERROR;
				CLANG_WARN_RANGE_LOOP_ANALYSIS = YES;
				CLANG_WARN_STRICT_PROTOTYPES = YES;
				CLANG_WARN_SUSPICIOUS_MOVE = YES;
				CLANG_WARN_UNGUARDED_AVAILABILITY = YES_AGGRESSIVE;
				CLANG_WARN_UNREACHABLE_CODE = YES;
				CLANG_WARN__DUPLICATE_METHOD_MATCH = YES;
				COPY_PHASE_STRIP = NO;
				DEBUG_INFORMATION_FORMAT = dwarf;
				ENABLE_STRICT_OBJC_MSGSEND = YES;
				ENABLE_TESTABILITY = YES;
				GCC_C_LANGUAGE_STANDARD = gnu11;
				GCC_DYNAMIC_NO_PIC = NO;
				GCC_NO_COMMON_BLOCKS = YES;
				GCC_OPTIMIZATION_LEVEL = 0;
				GCC_PREPROCESSOR_DEFINITIONS = (
					"DEBUG=1",
					"$(inherited)",
				);
				GCC_WARN_64_TO_32_BIT_CONVERSION = YES;
				GCC_WARN_ABOUT_RETURN_TYPE = YES_ERROR;
				GCC_WARN_UNDECLARED_SELECTOR = YES;
				GCC_WARN_UNINITIALIZED_AUTOS = YES_AGGRESSIVE;
				GCC_WARN_UNUSED_FUNCTION = YES;
				GCC_WARN_UNUSED_VARIABLE = YES;
				IPHONEOS_DEPLOYMENT_TARGET = 12.0;
				MTL_ENABLE_DEBUG_INFO = INCLUDE_SOURCE;
				MTL_FAST_MATH = YES;
				ONLY_ACTIVE_ARCH = YES;
				SDKROOT = iphoneos;
				SWIFT_ACTIVE_COMPILATION_CONDITIONS = DEBUG;
				SWIFT_OPTIMIZATION_LEVEL = "-Onone";
			};
			name = Debug;
		};
		DF40FDEF244493AF00CBD522 /* Release */ = {
			isa = XCBuildConfiguration;
			buildSettings = {
				ALWAYS_SEARCH_USER_PATHS = NO;
				CLANG_ANALYZER_NONNULL = YES;
				CLANG_ANALYZER_NUMBER_OBJECT_CONVERSION = YES_AGGRESSIVE;
				CLANG_CXX_LANGUAGE_STANDARD = "gnu++14";
				CLANG_CXX_LIBRARY = "libc++";
				CLANG_ENABLE_MODULES = YES;
				CLANG_ENABLE_OBJC_ARC = YES;
				CLANG_ENABLE_OBJC_WEAK = YES;
				CLANG_WARN_BLOCK_CAPTURE_AUTORELEASING = YES;
				CLANG_WARN_BOOL_CONVERSION = YES;
				CLANG_WARN_COMMA = YES;
				CLANG_WARN_CONSTANT_CONVERSION = YES;
				CLANG_WARN_DEPRECATED_OBJC_IMPLEMENTATIONS = YES;
				CLANG_WARN_DIRECT_OBJC_ISA_USAGE = YES_ERROR;
				CLANG_WARN_DOCUMENTATION_COMMENTS = YES;
				CLANG_WARN_EMPTY_BODY = YES;
				CLANG_WARN_ENUM_CONVERSION = YES;
				CLANG_WARN_INFINITE_RECURSION = YES;
				CLANG_WARN_INT_CONVERSION = YES;
				CLANG_WARN_NON_LITERAL_NULL_CONVERSION = YES;
				CLANG_WARN_OBJC_IMPLICIT_RETAIN_SELF = YES;
				CLANG_WARN_OBJC_LITERAL_CONVERSION = YES;
				CLANG_WARN_OBJC_ROOT_CLASS = YES_ERROR;
				CLANG_WARN_RANGE_LOOP_ANALYSIS = YES;
				CLANG_WARN_STRICT_PROTOTYPES = YES;
				CLANG_WARN_SUSPICIOUS_MOVE = YES;
				CLANG_WARN_UNGUARDED_AVAILABILITY = YES_AGGRESSIVE;
				CLANG_WARN_UNREACHABLE_CODE = YES;
				CLANG_WARN__DUPLICATE_METHOD_MATCH = YES;
				COPY_PHASE_STRIP = NO;
				DEBUG_INFORMATION_FORMAT = "dwarf-with-dsym";
				ENABLE_NS_ASSERTIONS = NO;
				ENABLE_STRICT_OBJC_MSGSEND = YES;
				GCC_C_LANGUAGE_STANDARD = gnu11;
				GCC_NO_COMMON_BLOCKS = YES;
				GCC_WARN_64_TO_32_BIT_CONVERSION = YES;
				GCC_WARN_ABOUT_RETURN_TYPE = YES_ERROR;
				GCC_WARN_UNDECLARED_SELECTOR = YES;
				GCC_WARN_UNINITIALIZED_AUTOS = YES_AGGRESSIVE;
				GCC_WARN_UNUSED_FUNCTION = YES;
				GCC_WARN_UNUSED_VARIABLE = YES;
				IPHONEOS_DEPLOYMENT_TARGET = 12.0;
				MTL_ENABLE_DEBUG_INFO = NO;
				MTL_FAST_MATH = YES;
				SDKROOT = iphoneos;
				SWIFT_COMPILATION_MODE = wholemodule;
				SWIFT_OPTIMIZATION_LEVEL = "-O";
				VALIDATE_PRODUCT = YES;
			};
			name = Release;
		};
		DF40FDF1244493AF00CBD522 /* Debug */ = {
			isa = XCBuildConfiguration;
			buildSettings = {
				ASSETCATALOG_COMPILER_APPICON_NAME = AppIcon;
				CODE_SIGN_STYLE = Automatic;
				DEVELOPMENT_TEAM = 2XBR7ZLNHQ;
				INFOPLIST_FILE = ChuckNorrisFacts/Info.plist;
				LD_RUNPATH_SEARCH_PATHS = (
					"$(inherited)",
					"@executable_path/Frameworks",
				);
				PRODUCT_BUNDLE_IDENTIFIER = gabriel.borges.ChuckNorrisFacts;
				PRODUCT_NAME = "$(TARGET_NAME)";
				SWIFT_VERSION = 5.0;
				TARGETED_DEVICE_FAMILY = "1,2";
			};
			name = Debug;
		};
		DF40FDF2244493AF00CBD522 /* Release */ = {
			isa = XCBuildConfiguration;
			buildSettings = {
				ASSETCATALOG_COMPILER_APPICON_NAME = AppIcon;
				CODE_SIGN_STYLE = Automatic;
				DEVELOPMENT_TEAM = 2XBR7ZLNHQ;
				INFOPLIST_FILE = ChuckNorrisFacts/Info.plist;
				LD_RUNPATH_SEARCH_PATHS = (
					"$(inherited)",
					"@executable_path/Frameworks",
				);
				PRODUCT_BUNDLE_IDENTIFIER = gabriel.borges.ChuckNorrisFacts;
				PRODUCT_NAME = "$(TARGET_NAME)";
				SWIFT_VERSION = 5.0;
				TARGETED_DEVICE_FAMILY = "1,2";
			};
			name = Release;
		};
		DF40FDF4244493AF00CBD522 /* Debug */ = {
			isa = XCBuildConfiguration;
			buildSettings = {
				ALWAYS_EMBED_SWIFT_STANDARD_LIBRARIES = YES;
				BUNDLE_LOADER = "$(TEST_HOST)";
				CODE_SIGN_STYLE = Automatic;
				DEVELOPMENT_TEAM = 2XBR7ZLNHQ;
				INFOPLIST_FILE = ChuckNorrisFactsTests/Info.plist;
				IPHONEOS_DEPLOYMENT_TARGET = 13.2;
				LD_RUNPATH_SEARCH_PATHS = (
					"$(inherited)",
					"@executable_path/Frameworks",
					"@loader_path/Frameworks",
				);
				PRODUCT_BUNDLE_IDENTIFIER = gabriel.borges.ChuckNorrisFactsTests;
				PRODUCT_NAME = "$(TARGET_NAME)";
				SWIFT_VERSION = 5.0;
				TARGETED_DEVICE_FAMILY = "1,2";
				TEST_HOST = "$(BUILT_PRODUCTS_DIR)/ChuckNorrisFacts.app/ChuckNorrisFacts";
			};
			name = Debug;
		};
		DF40FDF5244493AF00CBD522 /* Release */ = {
			isa = XCBuildConfiguration;
			buildSettings = {
				ALWAYS_EMBED_SWIFT_STANDARD_LIBRARIES = YES;
				BUNDLE_LOADER = "$(TEST_HOST)";
				CODE_SIGN_STYLE = Automatic;
				DEVELOPMENT_TEAM = 2XBR7ZLNHQ;
				INFOPLIST_FILE = ChuckNorrisFactsTests/Info.plist;
				IPHONEOS_DEPLOYMENT_TARGET = 13.2;
				LD_RUNPATH_SEARCH_PATHS = (
					"$(inherited)",
					"@executable_path/Frameworks",
					"@loader_path/Frameworks",
				);
				PRODUCT_BUNDLE_IDENTIFIER = gabriel.borges.ChuckNorrisFactsTests;
				PRODUCT_NAME = "$(TARGET_NAME)";
				SWIFT_VERSION = 5.0;
				TARGETED_DEVICE_FAMILY = "1,2";
				TEST_HOST = "$(BUILT_PRODUCTS_DIR)/ChuckNorrisFacts.app/ChuckNorrisFacts";
			};
			name = Release;
		};
/* End XCBuildConfiguration section */

/* Begin XCConfigurationList section */
		DF40FDCC244493AE00CBD522 /* Build configuration list for PBXProject "ChuckNorrisFacts" */ = {
			isa = XCConfigurationList;
			buildConfigurations = (
				DF40FDEE244493AF00CBD522 /* Debug */,
				DF40FDEF244493AF00CBD522 /* Release */,
			);
			defaultConfigurationIsVisible = 0;
			defaultConfigurationName = Release;
		};
		DF40FDF0244493AF00CBD522 /* Build configuration list for PBXNativeTarget "ChuckNorrisFacts" */ = {
			isa = XCConfigurationList;
			buildConfigurations = (
				DF40FDF1244493AF00CBD522 /* Debug */,
				DF40FDF2244493AF00CBD522 /* Release */,
			);
			defaultConfigurationIsVisible = 0;
			defaultConfigurationName = Release;
		};
		DF40FDF3244493AF00CBD522 /* Build configuration list for PBXNativeTarget "ChuckNorrisFactsTests" */ = {
			isa = XCConfigurationList;
			buildConfigurations = (
				DF40FDF4244493AF00CBD522 /* Debug */,
				DF40FDF5244493AF00CBD522 /* Release */,
			);
			defaultConfigurationIsVisible = 0;
			defaultConfigurationName = Release;
		};
/* End XCConfigurationList section */
	};
	rootObject = DF40FDC9244493AE00CBD522 /* Project object */;
}
